
Microsoft Visual Studio Solution File, Format Version 12.00
Project("{2150E333-8FDC-42A3-9474-1A3956D46DE8}") = "src", "src", "{827E0CD3-B72D-47B6-A68D-7590B98EB39B}"
EndProject
Project("{2150E333-8FDC-42A3-9474-1A3956D46DE8}") = "backoffice", "backoffice", "{4C119ED5-FE56-4396-8B5A-422F3AA4E4FD}"
EndProject
Project("{2150E333-8FDC-42A3-9474-1A3956D46DE8}") = "business", "business", "{08D2904C-569D-49D1-876E-B76BE1896FC5}"
EndProject
Project("{2150E333-8FDC-42A3-9474-1A3956D46DE8}") = "personal", "personal", "{5CD36485-CFD5-4EB7-86B8-4664AAB96644}"
EndProject
Project("{2150E333-8FDC-42A3-9474-1A3956D46DE8}") = "core", "core", "{40A15B89-E456-40BC-815F-B768ADEC6C6E}"
EndProject
Project("{2150E333-8FDC-42A3-9474-1A3956D46DE8}") = "edge", "edge", "{E538B021-2725-49EA-ACA5-C3F3ACCAC041}"
EndProject
Project("{2150E333-8FDC-42A3-9474-1A3956D46DE8}") = "internal", "internal", "{C2041B8C-FAB5-4E7E-9330-E14F0801C2DE}"
EndProject
Project("{2150E333-8FDC-42A3-9474-1A3956D46DE8}") = "edge", "edge", "{90ABC4B8-9714-4CF2-B823-4B66AB1A4F11}"
EndProject
Project("{2150E333-8FDC-42A3-9474-1A3956D46DE8}") = "edge", "edge", "{65E5F790-EB72-4B04-9847-2E39C4F14116}"
EndProject
Project("{2150E333-8FDC-42A3-9474-1A3956D46DE8}") = "internal", "internal", "{E27A35E4-877F-40EB-B8E2-A192D31890A2}"
EndProject
Project("{2150E333-8FDC-42A3-9474-1A3956D46DE8}") = "wallet", "wallet", "{EF0A12F0-D88F-4ABA-A2FD-E4FFF1166A5D}"
EndProject
Project("{2150E333-8FDC-42A3-9474-1A3956D46DE8}") = "card", "card", "{A8C8FE73-1955-423C-BCCC-41F8211E76E7}"
EndProject
Project("{2150E333-8FDC-42A3-9474-1A3956D46DE8}") = "bank", "bank", "{A7F4602F-310F-405B-8794-E18C3374DAB1}"
EndProject
Project("{2150E333-8FDC-42A3-9474-1A3956D46DE8}") = "withdrawal", "withdrawal", "{E094540B-FCD6-4D06-8BC2-B42DC8B22EEF}"
EndProject
Project("{2150E333-8FDC-42A3-9474-1A3956D46DE8}") = "shared", "shared", "{CD860A79-4C9F-428B-BBBC-7A3612599BC5}"
EndProject
Project("{FAE04EC0-301F-11D3-BF4B-00C04F79EFBC}") = "Shared.Contracts", "src\shared\Shared.Contracts\Shared.Contracts.csproj", "{F4BEE95B-9BAD-4EBB-94A8-BD94E14A39D4}"
EndProject
Project("{FAE04EC0-301F-11D3-BF4B-00C04F79EFBC}") = "Shared.Infrastructure", "src\shared\Shared.Infrastructure\Shared.Infrastructure.csproj", "{6D129147-5A86-4E67-93EF-B802FB639010}"
EndProject
Project("{FAE04EC0-301F-11D3-BF4B-00C04F79EFBC}") = "TopupWebhook", "src\core\card\TopupWebhook\TopupWebhook.csproj", "{88A1B2AE-688F-471D-9111-4CA972009EA9}"
EndProject
Project("{2150E333-8FDC-42A3-9474-1A3956D46DE8}") = "tests", "tests", "{0AB3BF05-4346-4AA6-1389-037BE0695223}"
EndProject
Project("{FAE04EC0-301F-11D3-BF4B-00C04F79EFBC}") = "UnitTests", "tests\UnitTests\UnitTests.csproj", "{E780F158-9221-42DD-8501-0AD0AA2BD782}"
EndProject
Project("{FAE04EC0-301F-11D3-BF4B-00C04F79EFBC}") = "IntegrationTests", "tests\IntegrationTests\IntegrationTests.csproj", "{690D048C-0AF5-4150-8445-0E7D7194287C}"
EndProject
Project("{FAE04EC0-301F-11D3-BF4B-00C04F79EFBC}") = "WalletService.Core", "src\core\wallet\WalletService.Core\WalletService.Core.csproj", "{CC2632F0-7B65-4E7F-951C-272552C8F212}"
EndProject
Project("{FAE04EC0-301F-11D3-BF4B-00C04F79EFBC}") = "WalletApi", "src\core\wallet\WalletApi\WalletApi.csproj", "{09FC7F7B-3FD0-4021-9F6B-27A1E5E96987}"
EndProject
Project("{FAE04EC0-301F-11D3-BF4B-00C04F79EFBC}") = "WalletConsumer", "src\core\wallet\WalletConsumer\WalletConsumer.csproj", "{923516DA-B582-42A6-86BE-54E1CEAE4F77}"
EndProject
Project("{FAE04EC0-301F-11D3-BF4B-00C04F79EFBC}") = "WithdrawalOrchestrator", "src\core\withdrawal\WithdrawalOrchestrator\WithdrawalOrchestrator.csproj", "{6946ADDF-FC77-4109-9AF7-C38773AA682B}"
EndProject
Project("{FAE04EC0-301F-11D3-BF4B-00C04F79EFBC}") = "BankIntegration.Core", "src\core\bank\BankIntegration.Core\BankIntegration.Core.csproj", "{7E7692C1-E558-4495-9940-11BC95052B2A}"
EndProject
Project("{FAE04EC0-301F-11D3-BF4B-00C04F79EFBC}") = "BankAdapter", "src\core\bank\BankAdapter\BankAdapter.csproj", "{25F55894-15E1-4715-A21E-0B98E39E13EA}"
EndProject
Project("{FAE04EC0-301F-11D3-BF4B-00C04F79EFBC}") = "BankWebhook", "src\core\bank\BankWebhook\BankWebhook.csproj", "{09A14E89-F694-405A-ADF5-797AB13F8B27}"
EndProject
Project("{2150E333-8FDC-42A3-9474-1A3956D46DE8}") = "fakes", "fakes", "{3FCEEFC8-0CC4-16F1-22C2-423267401A2D}"
EndProject
Project("{FAE04EC0-301F-11D3-BF4B-00C04F79EFBC}") = "Bank.Fake", "fakes\Bank.Fake\Bank.Fake.csproj", "{AB484545-7B44-4B00-9F85-780C8F65E717}"
EndProject
Project("{FAE04EC0-301F-11D3-BF4B-00C04F79EFBC}") = "Stripe.Fake", "fakes\Stripe.Fake\Stripe.Fake.csproj", "{7A94AC7B-DF60-4959-9571-28156C4F5461}"
EndProject
Project("{FAE04EC0-301F-11D3-BF4B-00C04F79EFBC}") = "PersonalMobileApi", "src\personal\edge\PersonalMobileApi\PersonalMobileApi.csproj", "{8977EE1E-4E1A-42A0-A283-25F04914B375}"
EndProject
Project("{FAE04EC0-301F-11D3-BF4B-00C04F79EFBC}") = "BusinessApi", "src\business\edge\BusinessApi\BusinessApi.csproj", "{C63E771F-0069-4EBD-8C7F-2BF86CEA761F}"
EndProject
Project("{FAE04EC0-301F-11D3-BF4B-00C04F79EFBC}") = "BusinessWebBff", "src\business\edge\BusinessWebBff\BusinessWebBff.csproj", "{3B64BE00-E54A-45A0-939B-09BF281796D3}"
EndProject
Project("{FAE04EC0-301F-11D3-BF4B-00C04F79EFBC}") = "BackofficeBff", "src\backoffice\edge\BackofficeBff\BackofficeBff.csproj", "{62AF1215-7F0A-4EB5-8CA8-9627923CE22B}"
EndProject
Project("{FAE04EC0-301F-11D3-BF4B-00C04F79EFBC}") = "EdgeApi.Core", "src\shared\EdgeApi.Core\EdgeApi.Core.csproj", "{2B330A8D-FEE0-415C-8133-0D197BC68592}"
EndProject
Project("{FAE04EC0-301F-11D3-BF4B-00C04F79EFBC}") = "PersonalWebBff", "src\personal\edge\PersonalWebBff\PersonalWebBff.csproj", "{7A0219E8-3F61-46DC-B3F8-E7E665F2960A}"
EndProject
Project("{FAE04EC0-301F-11D3-BF4B-00C04F79EFBC}") = "Onboarding", "src\personal\internal\Onboarding\Onboarding.csproj", "{9E456618-98B6-4B18-93CE-284DB0F341E7}"
EndProject
Project("{FAE04EC0-301F-11D3-BF4B-00C04F79EFBC}") = "Sms.Fake", "fakes\Sms.Fake\Sms.Fake.csproj", "{DF2E70E7-9548-460B-90E8-54622A1BBC96}"
EndProject
Project("{FAE04EC0-301F-11D3-BF4B-00C04F79EFBC}") = "Nvi.Fake", "fakes\Nvi.Fake\Nvi.Fake.csproj", "{E17BEC80-A5F6-4143-BB33-5EE7F51EFBEB}"
EndProject
Project("{FAE04EC0-301F-11D3-BF4B-00C04F79EFBC}") = "StaffAdmin", "src\backoffice\internal\StaffAdmin\StaffAdmin.csproj", "{F4422AE4-CE8F-4F26-82B5-588CFB9BCEB9}"
EndProject
Project("{FAE04EC0-301F-11D3-BF4B-00C04F79EFBC}") = "CardTopup", "src\core\card\CardTopup\CardTopup.csproj", "{30921ED7-8BAC-4BA4-9922-4CE2387D2664}"
EndProject
Global
	GlobalSection(SolutionConfigurationPlatforms) = preSolution
		Debug|Any CPU = Debug|Any CPU
		Debug|x64 = Debug|x64
		Debug|x86 = Debug|x86
		Release|Any CPU = Release|Any CPU
		Release|x64 = Release|x64
		Release|x86 = Release|x86
	EndGlobalSection
	GlobalSection(ProjectConfigurationPlatforms) = postSolution
		{F4BEE95B-9BAD-4EBB-94A8-BD94E14A39D4}.Debug|Any CPU.ActiveCfg = Debug|Any CPU
		{F4BEE95B-9BAD-4EBB-94A8-BD94E14A39D4}.Debug|Any CPU.Build.0 = Debug|Any CPU
		{F4BEE95B-9BAD-4EBB-94A8-BD94E14A39D4}.Debug|x64.ActiveCfg = Debug|Any CPU
		{F4BEE95B-9BAD-4EBB-94A8-BD94E14A39D4}.Debug|x64.Build.0 = Debug|Any CPU
		{F4BEE95B-9BAD-4EBB-94A8-BD94E14A39D4}.Debug|x86.ActiveCfg = Debug|Any CPU
		{F4BEE95B-9BAD-4EBB-94A8-BD94E14A39D4}.Debug|x86.Build.0 = Debug|Any CPU
		{F4BEE95B-9BAD-4EBB-94A8-BD94E14A39D4}.Release|Any CPU.ActiveCfg = Release|Any CPU
		{F4BEE95B-9BAD-4EBB-94A8-BD94E14A39D4}.Release|Any CPU.Build.0 = Release|Any CPU
		{F4BEE95B-9BAD-4EBB-94A8-BD94E14A39D4}.Release|x64.ActiveCfg = Release|Any CPU
		{F4BEE95B-9BAD-4EBB-94A8-BD94E14A39D4}.Release|x64.Build.0 = Release|Any CPU
		{F4BEE95B-9BAD-4EBB-94A8-BD94E14A39D4}.Release|x86.ActiveCfg = Release|Any CPU
		{F4BEE95B-9BAD-4EBB-94A8-BD94E14A39D4}.Release|x86.Build.0 = Release|Any CPU
		{6D129147-5A86-4E67-93EF-B802FB639010}.Debug|Any CPU.ActiveCfg = Debug|Any CPU
		{6D129147-5A86-4E67-93EF-B802FB639010}.Debug|Any CPU.Build.0 = Debug|Any CPU
		{6D129147-5A86-4E67-93EF-B802FB639010}.Debug|x64.ActiveCfg = Debug|Any CPU
		{6D129147-5A86-4E67-93EF-B802FB639010}.Debug|x64.Build.0 = Debug|Any CPU
		{6D129147-5A86-4E67-93EF-B802FB639010}.Debug|x86.ActiveCfg = Debug|Any CPU
		{6D129147-5A86-4E67-93EF-B802FB639010}.Debug|x86.Build.0 = Debug|Any CPU
		{6D129147-5A86-4E67-93EF-B802FB639010}.Release|Any CPU.ActiveCfg = Release|Any CPU
		{6D129147-5A86-4E67-93EF-B802FB639010}.Release|Any CPU.Build.0 = Release|Any CPU
		{6D129147-5A86-4E67-93EF-B802FB639010}.Release|x64.ActiveCfg = Release|Any CPU
		{6D129147-5A86-4E67-93EF-B802FB639010}.Release|x64.Build.0 = Release|Any CPU
		{6D129147-5A86-4E67-93EF-B802FB639010}.Release|x86.ActiveCfg = Release|Any CPU
		{6D129147-5A86-4E67-93EF-B802FB639010}.Release|x86.Build.0 = Release|Any CPU
		{88A1B2AE-688F-471D-9111-4CA972009EA9}.Debug|Any CPU.ActiveCfg = Debug|Any CPU
		{88A1B2AE-688F-471D-9111-4CA972009EA9}.Debug|Any CPU.Build.0 = Debug|Any CPU
		{88A1B2AE-688F-471D-9111-4CA972009EA9}.Debug|x64.ActiveCfg = Debug|Any CPU
		{88A1B2AE-688F-471D-9111-4CA972009EA9}.Debug|x64.Build.0 = Debug|Any CPU
		{88A1B2AE-688F-471D-9111-4CA972009EA9}.Debug|x86.ActiveCfg = Debug|Any CPU
		{88A1B2AE-688F-471D-9111-4CA972009EA9}.Debug|x86.Build.0 = Debug|Any CPU
		{88A1B2AE-688F-471D-9111-4CA972009EA9}.Release|Any CPU.ActiveCfg = Release|Any CPU
		{88A1B2AE-688F-471D-9111-4CA972009EA9}.Release|Any CPU.Build.0 = Release|Any CPU
		{88A1B2AE-688F-471D-9111-4CA972009EA9}.Release|x64.ActiveCfg = Release|Any CPU
		{88A1B2AE-688F-471D-9111-4CA972009EA9}.Release|x64.Build.0 = Release|Any CPU
		{88A1B2AE-688F-471D-9111-4CA972009EA9}.Release|x86.ActiveCfg = Release|Any CPU
		{88A1B2AE-688F-471D-9111-4CA972009EA9}.Release|x86.Build.0 = Release|Any CPU
		{E780F158-9221-42DD-8501-0AD0AA2BD782}.Debug|Any CPU.ActiveCfg = Debug|Any CPU
		{E780F158-9221-42DD-8501-0AD0AA2BD782}.Debug|Any CPU.Build.0 = Debug|Any CPU
		{E780F158-9221-42DD-8501-0AD0AA2BD782}.Debug|x64.ActiveCfg = Debug|Any CPU
		{E780F158-9221-42DD-8501-0AD0AA2BD782}.Debug|x64.Build.0 = Debug|Any CPU
		{E780F158-9221-42DD-8501-0AD0AA2BD782}.Debug|x86.ActiveCfg = Debug|Any CPU
		{E780F158-9221-42DD-8501-0AD0AA2BD782}.Debug|x86.Build.0 = Debug|Any CPU
		{E780F158-9221-42DD-8501-0AD0AA2BD782}.Release|Any CPU.ActiveCfg = Release|Any CPU
		{E780F158-9221-42DD-8501-0AD0AA2BD782}.Release|Any CPU.Build.0 = Release|Any CPU
		{E780F158-9221-42DD-8501-0AD0AA2BD782}.Release|x64.ActiveCfg = Release|Any CPU
		{E780F158-9221-42DD-8501-0AD0AA2BD782}.Release|x64.Build.0 = Release|Any CPU
		{E780F158-9221-42DD-8501-0AD0AA2BD782}.Release|x86.ActiveCfg = Release|Any CPU
		{E780F158-9221-42DD-8501-0AD0AA2BD782}.Release|x86.Build.0 = Release|Any CPU
		{690D048C-0AF5-4150-8445-0E7D7194287C}.Debug|Any CPU.ActiveCfg = Debug|Any CPU
		{690D048C-0AF5-4150-8445-0E7D7194287C}.Debug|Any CPU.Build.0 = Debug|Any CPU
		{690D048C-0AF5-4150-8445-0E7D7194287C}.Debug|x64.ActiveCfg = Debug|Any CPU
		{690D048C-0AF5-4150-8445-0E7D7194287C}.Debug|x64.Build.0 = Debug|Any CPU
		{690D048C-0AF5-4150-8445-0E7D7194287C}.Debug|x86.ActiveCfg = Debug|Any CPU
		{690D048C-0AF5-4150-8445-0E7D7194287C}.Debug|x86.Build.0 = Debug|Any CPU
		{690D048C-0AF5-4150-8445-0E7D7194287C}.Release|Any CPU.ActiveCfg = Release|Any CPU
		{690D048C-0AF5-4150-8445-0E7D7194287C}.Release|Any CPU.Build.0 = Release|Any CPU
		{690D048C-0AF5-4150-8445-0E7D7194287C}.Release|x64.ActiveCfg = Release|Any CPU
		{690D048C-0AF5-4150-8445-0E7D7194287C}.Release|x64.Build.0 = Release|Any CPU
		{690D048C-0AF5-4150-8445-0E7D7194287C}.Release|x86.ActiveCfg = Release|Any CPU
		{690D048C-0AF5-4150-8445-0E7D7194287C}.Release|x86.Build.0 = Release|Any CPU
		{CC2632F0-7B65-4E7F-951C-272552C8F212}.Debug|Any CPU.ActiveCfg = Debug|Any CPU
		{CC2632F0-7B65-4E7F-951C-272552C8F212}.Debug|Any CPU.Build.0 = Debug|Any CPU
		{CC2632F0-7B65-4E7F-951C-272552C8F212}.Debug|x64.ActiveCfg = Debug|Any CPU
		{CC2632F0-7B65-4E7F-951C-272552C8F212}.Debug|x64.Build.0 = Debug|Any CPU
		{CC2632F0-7B65-4E7F-951C-272552C8F212}.Debug|x86.ActiveCfg = Debug|Any CPU
		{CC2632F0-7B65-4E7F-951C-272552C8F212}.Debug|x86.Build.0 = Debug|Any CPU
		{CC2632F0-7B65-4E7F-951C-272552C8F212}.Release|Any CPU.ActiveCfg = Release|Any CPU
		{CC2632F0-7B65-4E7F-951C-272552C8F212}.Release|Any CPU.Build.0 = Release|Any CPU
		{CC2632F0-7B65-4E7F-951C-272552C8F212}.Release|x64.ActiveCfg = Release|Any CPU
		{CC2632F0-7B65-4E7F-951C-272552C8F212}.Release|x64.Build.0 = Release|Any CPU
		{CC2632F0-7B65-4E7F-951C-272552C8F212}.Release|x86.ActiveCfg = Release|Any CPU
		{CC2632F0-7B65-4E7F-951C-272552C8F212}.Release|x86.Build.0 = Release|Any CPU
		{09FC7F7B-3FD0-4021-9F6B-27A1E5E96987}.Debug|Any CPU.ActiveCfg = Debug|Any CPU
		{09FC7F7B-3FD0-4021-9F6B-27A1E5E96987}.Debug|Any CPU.Build.0 = Debug|Any CPU
		{09FC7F7B-3FD0-4021-9F6B-27A1E5E96987}.Debug|x64.ActiveCfg = Debug|Any CPU
		{09FC7F7B-3FD0-4021-9F6B-27A1E5E96987}.Debug|x64.Build.0 = Debug|Any CPU
		{09FC7F7B-3FD0-4021-9F6B-27A1E5E96987}.Debug|x86.ActiveCfg = Debug|Any CPU
		{09FC7F7B-3FD0-4021-9F6B-27A1E5E96987}.Debug|x86.Build.0 = Debug|Any CPU
		{09FC7F7B-3FD0-4021-9F6B-27A1E5E96987}.Release|Any CPU.ActiveCfg = Release|Any CPU
		{09FC7F7B-3FD0-4021-9F6B-27A1E5E96987}.Release|Any CPU.Build.0 = Release|Any CPU
		{09FC7F7B-3FD0-4021-9F6B-27A1E5E96987}.Release|x64.ActiveCfg = Release|Any CPU
		{09FC7F7B-3FD0-4021-9F6B-27A1E5E96987}.Release|x64.Build.0 = Release|Any CPU
		{09FC7F7B-3FD0-4021-9F6B-27A1E5E96987}.Release|x86.ActiveCfg = Release|Any CPU
		{09FC7F7B-3FD0-4021-9F6B-27A1E5E96987}.Release|x86.Build.0 = Release|Any CPU
		{923516DA-B582-42A6-86BE-54E1CEAE4F77}.Debug|Any CPU.ActiveCfg = Debug|Any CPU
		{923516DA-B582-42A6-86BE-54E1CEAE4F77}.Debug|Any CPU.Build.0 = Debug|Any CPU
		{923516DA-B582-42A6-86BE-54E1CEAE4F77}.Debug|x64.ActiveCfg = Debug|Any CPU
		{923516DA-B582-42A6-86BE-54E1CEAE4F77}.Debug|x64.Build.0 = Debug|Any CPU
		{923516DA-B582-42A6-86BE-54E1CEAE4F77}.Debug|x86.ActiveCfg = Debug|Any CPU
		{923516DA-B582-42A6-86BE-54E1CEAE4F77}.Debug|x86.Build.0 = Debug|Any CPU
		{923516DA-B582-42A6-86BE-54E1CEAE4F77}.Release|Any CPU.ActiveCfg = Release|Any CPU
		{923516DA-B582-42A6-86BE-54E1CEAE4F77}.Release|Any CPU.Build.0 = Release|Any CPU
		{923516DA-B582-42A6-86BE-54E1CEAE4F77}.Release|x64.ActiveCfg = Release|Any CPU
		{923516DA-B582-42A6-86BE-54E1CEAE4F77}.Release|x64.Build.0 = Release|Any CPU
		{923516DA-B582-42A6-86BE-54E1CEAE4F77}.Release|x86.ActiveCfg = Release|Any CPU
		{923516DA-B582-42A6-86BE-54E1CEAE4F77}.Release|x86.Build.0 = Release|Any CPU
		{6946ADDF-FC77-4109-9AF7-C38773AA682B}.Debug|Any CPU.ActiveCfg = Debug|Any CPU
		{6946ADDF-FC77-4109-9AF7-C38773AA682B}.Debug|Any CPU.Build.0 = Debug|Any CPU
		{6946ADDF-FC77-4109-9AF7-C38773AA682B}.Debug|x64.ActiveCfg = Debug|Any CPU
		{6946ADDF-FC77-4109-9AF7-C38773AA682B}.Debug|x64.Build.0 = Debug|Any CPU
		{6946ADDF-FC77-4109-9AF7-C38773AA682B}.Debug|x86.ActiveCfg = Debug|Any CPU
		{6946ADDF-FC77-4109-9AF7-C38773AA682B}.Debug|x86.Build.0 = Debug|Any CPU
		{6946ADDF-FC77-4109-9AF7-C38773AA682B}.Release|Any CPU.ActiveCfg = Release|Any CPU
		{6946ADDF-FC77-4109-9AF7-C38773AA682B}.Release|Any CPU.Build.0 = Release|Any CPU
		{6946ADDF-FC77-4109-9AF7-C38773AA682B}.Release|x64.ActiveCfg = Release|Any CPU
		{6946ADDF-FC77-4109-9AF7-C38773AA682B}.Release|x64.Build.0 = Release|Any CPU
		{6946ADDF-FC77-4109-9AF7-C38773AA682B}.Release|x86.ActiveCfg = Release|Any CPU
		{6946ADDF-FC77-4109-9AF7-C38773AA682B}.Release|x86.Build.0 = Release|Any CPU
		{7E7692C1-E558-4495-9940-11BC95052B2A}.Debug|Any CPU.ActiveCfg = Debug|Any CPU
		{7E7692C1-E558-4495-9940-11BC95052B2A}.Debug|Any CPU.Build.0 = Debug|Any CPU
		{7E7692C1-E558-4495-9940-11BC95052B2A}.Debug|x64.ActiveCfg = Debug|Any CPU
		{7E7692C1-E558-4495-9940-11BC95052B2A}.Debug|x64.Build.0 = Debug|Any CPU
		{7E7692C1-E558-4495-9940-11BC95052B2A}.Debug|x86.ActiveCfg = Debug|Any CPU
		{7E7692C1-E558-4495-9940-11BC95052B2A}.Debug|x86.Build.0 = Debug|Any CPU
		{7E7692C1-E558-4495-9940-11BC95052B2A}.Release|Any CPU.ActiveCfg = Release|Any CPU
		{7E7692C1-E558-4495-9940-11BC95052B2A}.Release|Any CPU.Build.0 = Release|Any CPU
		{7E7692C1-E558-4495-9940-11BC95052B2A}.Release|x64.ActiveCfg = Release|Any CPU
		{7E7692C1-E558-4495-9940-11BC95052B2A}.Release|x64.Build.0 = Release|Any CPU
		{7E7692C1-E558-4495-9940-11BC95052B2A}.Release|x86.ActiveCfg = Release|Any CPU
		{7E7692C1-E558-4495-9940-11BC95052B2A}.Release|x86.Build.0 = Release|Any CPU
		{25F55894-15E1-4715-A21E-0B98E39E13EA}.Debug|Any CPU.ActiveCfg = Debug|Any CPU
		{25F55894-15E1-4715-A21E-0B98E39E13EA}.Debug|Any CPU.Build.0 = Debug|Any CPU
		{25F55894-15E1-4715-A21E-0B98E39E13EA}.Debug|x64.ActiveCfg = Debug|Any CPU
		{25F55894-15E1-4715-A21E-0B98E39E13EA}.Debug|x64.Build.0 = Debug|Any CPU
		{25F55894-15E1-4715-A21E-0B98E39E13EA}.Debug|x86.ActiveCfg = Debug|Any CPU
		{25F55894-15E1-4715-A21E-0B98E39E13EA}.Debug|x86.Build.0 = Debug|Any CPU
		{25F55894-15E1-4715-A21E-0B98E39E13EA}.Release|Any CPU.ActiveCfg = Release|Any CPU
		{25F55894-15E1-4715-A21E-0B98E39E13EA}.Release|Any CPU.Build.0 = Release|Any CPU
		{25F55894-15E1-4715-A21E-0B98E39E13EA}.Release|x64.ActiveCfg = Release|Any CPU
		{25F55894-15E1-4715-A21E-0B98E39E13EA}.Release|x64.Build.0 = Release|Any CPU
		{25F55894-15E1-4715-A21E-0B98E39E13EA}.Release|x86.ActiveCfg = Release|Any CPU
		{25F55894-15E1-4715-A21E-0B98E39E13EA}.Release|x86.Build.0 = Release|Any CPU
		{09A14E89-F694-405A-ADF5-797AB13F8B27}.Debug|Any CPU.ActiveCfg = Debug|Any CPU
		{09A14E89-F694-405A-ADF5-797AB13F8B27}.Debug|Any CPU.Build.0 = Debug|Any CPU
		{09A14E89-F694-405A-ADF5-797AB13F8B27}.Debug|x64.ActiveCfg = Debug|Any CPU
		{09A14E89-F694-405A-ADF5-797AB13F8B27}.Debug|x64.Build.0 = Debug|Any CPU
		{09A14E89-F694-405A-ADF5-797AB13F8B27}.Debug|x86.ActiveCfg = Debug|Any CPU
		{09A14E89-F694-405A-ADF5-797AB13F8B27}.Debug|x86.Build.0 = Debug|Any CPU
		{09A14E89-F694-405A-ADF5-797AB13F8B27}.Release|Any CPU.ActiveCfg = Release|Any CPU
		{09A14E89-F694-405A-ADF5-797AB13F8B27}.Release|Any CPU.Build.0 = Release|Any CPU
		{09A14E89-F694-405A-ADF5-797AB13F8B27}.Release|x64.ActiveCfg = Release|Any CPU
		{09A14E89-F694-405A-ADF5-797AB13F8B27}.Release|x64.Build.0 = Release|Any CPU
		{09A14E89-F694-405A-ADF5-797AB13F8B27}.Release|x86.ActiveCfg = Release|Any CPU
		{09A14E89-F694-405A-ADF5-797AB13F8B27}.Release|x86.Build.0 = Release|Any CPU
		{AB484545-7B44-4B00-9F85-780C8F65E717}.Debug|Any CPU.ActiveCfg = Debug|Any CPU
		{AB484545-7B44-4B00-9F85-780C8F65E717}.Debug|Any CPU.Build.0 = Debug|Any CPU
		{AB484545-7B44-4B00-9F85-780C8F65E717}.Debug|x64.ActiveCfg = Debug|Any CPU
		{AB484545-7B44-4B00-9F85-780C8F65E717}.Debug|x64.Build.0 = Debug|Any CPU
		{AB484545-7B44-4B00-9F85-780C8F65E717}.Debug|x86.ActiveCfg = Debug|Any CPU
		{AB484545-7B44-4B00-9F85-780C8F65E717}.Debug|x86.Build.0 = Debug|Any CPU
		{AB484545-7B44-4B00-9F85-780C8F65E717}.Release|Any CPU.ActiveCfg = Release|Any CPU
		{AB484545-7B44-4B00-9F85-780C8F65E717}.Release|Any CPU.Build.0 = Release|Any CPU
		{AB484545-7B44-4B00-9F85-780C8F65E717}.Release|x64.ActiveCfg = Release|Any CPU
		{AB484545-7B44-4B00-9F85-780C8F65E717}.Release|x64.Build.0 = Release|Any CPU
		{AB484545-7B44-4B00-9F85-780C8F65E717}.Release|x86.ActiveCfg = Release|Any CPU
		{AB484545-7B44-4B00-9F85-780C8F65E717}.Release|x86.Build.0 = Release|Any CPU
		{7A94AC7B-DF60-4959-9571-28156C4F5461}.Debug|Any CPU.ActiveCfg = Debug|Any CPU
		{7A94AC7B-DF60-4959-9571-28156C4F5461}.Debug|Any CPU.Build.0 = Debug|Any CPU
		{7A94AC7B-DF60-4959-9571-28156C4F5461}.Debug|x64.ActiveCfg = Debug|Any CPU
		{7A94AC7B-DF60-4959-9571-28156C4F5461}.Debug|x64.Build.0 = Debug|Any CPU
		{7A94AC7B-DF60-4959-9571-28156C4F5461}.Debug|x86.ActiveCfg = Debug|Any CPU
		{7A94AC7B-DF60-4959-9571-28156C4F5461}.Debug|x86.Build.0 = Debug|Any CPU
		{7A94AC7B-DF60-4959-9571-28156C4F5461}.Release|Any CPU.ActiveCfg = Release|Any CPU
		{7A94AC7B-DF60-4959-9571-28156C4F5461}.Release|Any CPU.Build.0 = Release|Any CPU
		{7A94AC7B-DF60-4959-9571-28156C4F5461}.Release|x64.ActiveCfg = Release|Any CPU
		{7A94AC7B-DF60-4959-9571-28156C4F5461}.Release|x64.Build.0 = Release|Any CPU
		{7A94AC7B-DF60-4959-9571-28156C4F5461}.Release|x86.ActiveCfg = Release|Any CPU
		{7A94AC7B-DF60-4959-9571-28156C4F5461}.Release|x86.Build.0 = Release|Any CPU
		{8977EE1E-4E1A-42A0-A283-25F04914B375}.Debug|Any CPU.ActiveCfg = Debug|Any CPU
		{8977EE1E-4E1A-42A0-A283-25F04914B375}.Debug|Any CPU.Build.0 = Debug|Any CPU
		{8977EE1E-4E1A-42A0-A283-25F04914B375}.Debug|x64.ActiveCfg = Debug|Any CPU
		{8977EE1E-4E1A-42A0-A283-25F04914B375}.Debug|x64.Build.0 = Debug|Any CPU
		{8977EE1E-4E1A-42A0-A283-25F04914B375}.Debug|x86.ActiveCfg = Debug|Any CPU
		{8977EE1E-4E1A-42A0-A283-25F04914B375}.Debug|x86.Build.0 = Debug|Any CPU
		{8977EE1E-4E1A-42A0-A283-25F04914B375}.Release|Any CPU.ActiveCfg = Release|Any CPU
		{8977EE1E-4E1A-42A0-A283-25F04914B375}.Release|Any CPU.Build.0 = Release|Any CPU
		{8977EE1E-4E1A-42A0-A283-25F04914B375}.Release|x64.ActiveCfg = Release|Any CPU
		{8977EE1E-4E1A-42A0-A283-25F04914B375}.Release|x64.Build.0 = Release|Any CPU
		{8977EE1E-4E1A-42A0-A283-25F04914B375}.Release|x86.ActiveCfg = Release|Any CPU
		{8977EE1E-4E1A-42A0-A283-25F04914B375}.Release|x86.Build.0 = Release|Any CPU
		{C63E771F-0069-4EBD-8C7F-2BF86CEA761F}.Debug|Any CPU.ActiveCfg = Debug|Any CPU
		{C63E771F-0069-4EBD-8C7F-2BF86CEA761F}.Debug|Any CPU.Build.0 = Debug|Any CPU
		{C63E771F-0069-4EBD-8C7F-2BF86CEA761F}.Debug|x64.ActiveCfg = Debug|Any CPU
		{C63E771F-0069-4EBD-8C7F-2BF86CEA761F}.Debug|x64.Build.0 = Debug|Any CPU
		{C63E771F-0069-4EBD-8C7F-2BF86CEA761F}.Debug|x86.ActiveCfg = Debug|Any CPU
		{C63E771F-0069-4EBD-8C7F-2BF86CEA761F}.Debug|x86.Build.0 = Debug|Any CPU
		{C63E771F-0069-4EBD-8C7F-2BF86CEA761F}.Release|Any CPU.ActiveCfg = Release|Any CPU
		{C63E771F-0069-4EBD-8C7F-2BF86CEA761F}.Release|Any CPU.Build.0 = Release|Any CPU
		{C63E771F-0069-4EBD-8C7F-2BF86CEA761F}.Release|x64.ActiveCfg = Release|Any CPU
		{C63E771F-0069-4EBD-8C7F-2BF86CEA761F}.Release|x64.Build.0 = Release|Any CPU
		{C63E771F-0069-4EBD-8C7F-2BF86CEA761F}.Release|x86.ActiveCfg = Release|Any CPU
		{C63E771F-0069-4EBD-8C7F-2BF86CEA761F}.Release|x86.Build.0 = Release|Any CPU
		{3B64BE00-E54A-45A0-939B-09BF281796D3}.Debug|Any CPU.ActiveCfg = Debug|Any CPU
		{3B64BE00-E54A-45A0-939B-09BF281796D3}.Debug|Any CPU.Build.0 = Debug|Any CPU
		{3B64BE00-E54A-45A0-939B-09BF281796D3}.Debug|x64.ActiveCfg = Debug|Any CPU
		{3B64BE00-E54A-45A0-939B-09BF281796D3}.Debug|x64.Build.0 = Debug|Any CPU
		{3B64BE00-E54A-45A0-939B-09BF281796D3}.Debug|x86.ActiveCfg = Debug|Any CPU
		{3B64BE00-E54A-45A0-939B-09BF281796D3}.Debug|x86.Build.0 = Debug|Any CPU
		{3B64BE00-E54A-45A0-939B-09BF281796D3}.Release|Any CPU.ActiveCfg = Release|Any CPU
		{3B64BE00-E54A-45A0-939B-09BF281796D3}.Release|Any CPU.Build.0 = Release|Any CPU
		{3B64BE00-E54A-45A0-939B-09BF281796D3}.Release|x64.ActiveCfg = Release|Any CPU
		{3B64BE00-E54A-45A0-939B-09BF281796D3}.Release|x64.Build.0 = Release|Any CPU
		{3B64BE00-E54A-45A0-939B-09BF281796D3}.Release|x86.ActiveCfg = Release|Any CPU
		{3B64BE00-E54A-45A0-939B-09BF281796D3}.Release|x86.Build.0 = Release|Any CPU
		{62AF1215-7F0A-4EB5-8CA8-9627923CE22B}.Debug|Any CPU.ActiveCfg = Debug|Any CPU
		{62AF1215-7F0A-4EB5-8CA8-9627923CE22B}.Debug|Any CPU.Build.0 = Debug|Any CPU
		{62AF1215-7F0A-4EB5-8CA8-9627923CE22B}.Debug|x64.ActiveCfg = Debug|Any CPU
		{62AF1215-7F0A-4EB5-8CA8-9627923CE22B}.Debug|x64.Build.0 = Debug|Any CPU
		{62AF1215-7F0A-4EB5-8CA8-9627923CE22B}.Debug|x86.ActiveCfg = Debug|Any CPU
		{62AF1215-7F0A-4EB5-8CA8-9627923CE22B}.Debug|x86.Build.0 = Debug|Any CPU
		{62AF1215-7F0A-4EB5-8CA8-9627923CE22B}.Release|Any CPU.ActiveCfg = Release|Any CPU
		{62AF1215-7F0A-4EB5-8CA8-9627923CE22B}.Release|Any CPU.Build.0 = Release|Any CPU
		{62AF1215-7F0A-4EB5-8CA8-9627923CE22B}.Release|x64.ActiveCfg = Release|Any CPU
		{62AF1215-7F0A-4EB5-8CA8-9627923CE22B}.Release|x64.Build.0 = Release|Any CPU
		{62AF1215-7F0A-4EB5-8CA8-9627923CE22B}.Release|x86.ActiveCfg = Release|Any CPU
		{62AF1215-7F0A-4EB5-8CA8-9627923CE22B}.Release|x86.Build.0 = Release|Any CPU
		{2B330A8D-FEE0-415C-8133-0D197BC68592}.Debug|Any CPU.ActiveCfg = Debug|Any CPU
		{2B330A8D-FEE0-415C-8133-0D197BC68592}.Debug|Any CPU.Build.0 = Debug|Any CPU
		{2B330A8D-FEE0-415C-8133-0D197BC68592}.Debug|x64.ActiveCfg = Debug|Any CPU
		{2B330A8D-FEE0-415C-8133-0D197BC68592}.Debug|x64.Build.0 = Debug|Any CPU
		{2B330A8D-FEE0-415C-8133-0D197BC68592}.Debug|x86.ActiveCfg = Debug|Any CPU
		{2B330A8D-FEE0-415C-8133-0D197BC68592}.Debug|x86.Build.0 = Debug|Any CPU
		{2B330A8D-FEE0-415C-8133-0D197BC68592}.Release|Any CPU.ActiveCfg = Release|Any CPU
		{2B330A8D-FEE0-415C-8133-0D197BC68592}.Release|Any CPU.Build.0 = Release|Any CPU
		{2B330A8D-FEE0-415C-8133-0D197BC68592}.Release|x64.ActiveCfg = Release|Any CPU
		{2B330A8D-FEE0-415C-8133-0D197BC68592}.Release|x64.Build.0 = Release|Any CPU
		{2B330A8D-FEE0-415C-8133-0D197BC68592}.Release|x86.ActiveCfg = Release|Any CPU
		{2B330A8D-FEE0-415C-8133-0D197BC68592}.Release|x86.Build.0 = Release|Any CPU
		{7A0219E8-3F61-46DC-B3F8-E7E665F2960A}.Debug|Any CPU.ActiveCfg = Debug|Any CPU
		{7A0219E8-3F61-46DC-B3F8-E7E665F2960A}.Debug|Any CPU.Build.0 = Debug|Any CPU
		{7A0219E8-3F61-46DC-B3F8-E7E665F2960A}.Debug|x64.ActiveCfg = Debug|Any CPU
		{7A0219E8-3F61-46DC-B3F8-E7E665F2960A}.Debug|x64.Build.0 = Debug|Any CPU
		{7A0219E8-3F61-46DC-B3F8-E7E665F2960A}.Debug|x86.ActiveCfg = Debug|Any CPU
		{7A0219E8-3F61-46DC-B3F8-E7E665F2960A}.Debug|x86.Build.0 = Debug|Any CPU
		{7A0219E8-3F61-46DC-B3F8-E7E665F2960A}.Release|Any CPU.ActiveCfg = Release|Any CPU
		{7A0219E8-3F61-46DC-B3F8-E7E665F2960A}.Release|Any CPU.Build.0 = Release|Any CPU
		{7A0219E8-3F61-46DC-B3F8-E7E665F2960A}.Release|x64.ActiveCfg = Release|Any CPU
		{7A0219E8-3F61-46DC-B3F8-E7E665F2960A}.Release|x64.Build.0 = Release|Any CPU
		{7A0219E8-3F61-46DC-B3F8-E7E665F2960A}.Release|x86.ActiveCfg = Release|Any CPU
		{7A0219E8-3F61-46DC-B3F8-E7E665F2960A}.Release|x86.Build.0 = Release|Any CPU
		{9E456618-98B6-4B18-93CE-284DB0F341E7}.Debug|Any CPU.ActiveCfg = Debug|Any CPU
		{9E456618-98B6-4B18-93CE-284DB0F341E7}.Debug|Any CPU.Build.0 = Debug|Any CPU
		{9E456618-98B6-4B18-93CE-284DB0F341E7}.Debug|x64.ActiveCfg = Debug|Any CPU
		{9E456618-98B6-4B18-93CE-284DB0F341E7}.Debug|x64.Build.0 = Debug|Any CPU
		{9E456618-98B6-4B18-93CE-284DB0F341E7}.Debug|x86.ActiveCfg = Debug|Any CPU
		{9E456618-98B6-4B18-93CE-284DB0F341E7}.Debug|x86.Build.0 = Debug|Any CPU
		{9E456618-98B6-4B18-93CE-284DB0F341E7}.Release|Any CPU.ActiveCfg = Release|Any CPU
		{9E456618-98B6-4B18-93CE-284DB0F341E7}.Release|Any CPU.Build.0 = Release|Any CPU
		{9E456618-98B6-4B18-93CE-284DB0F341E7}.Release|x64.ActiveCfg = Release|Any CPU
		{9E456618-98B6-4B18-93CE-284DB0F341E7}.Release|x64.Build.0 = Release|Any CPU
		{9E456618-98B6-4B18-93CE-284DB0F341E7}.Release|x86.ActiveCfg = Release|Any CPU
		{9E456618-98B6-4B18-93CE-284DB0F341E7}.Release|x86.Build.0 = Release|Any CPU
		{DF2E70E7-9548-460B-90E8-54622A1BBC96}.Debug|Any CPU.ActiveCfg = Debug|Any CPU
		{DF2E70E7-9548-460B-90E8-54622A1BBC96}.Debug|Any CPU.Build.0 = Debug|Any CPU
		{DF2E70E7-9548-460B-90E8-54622A1BBC96}.Debug|x64.ActiveCfg = Debug|Any CPU
		{DF2E70E7-9548-460B-90E8-54622A1BBC96}.Debug|x64.Build.0 = Debug|Any CPU
		{DF2E70E7-9548-460B-90E8-54622A1BBC96}.Debug|x86.ActiveCfg = Debug|Any CPU
		{DF2E70E7-9548-460B-90E8-54622A1BBC96}.Debug|x86.Build.0 = Debug|Any CPU
		{DF2E70E7-9548-460B-90E8-54622A1BBC96}.Release|Any CPU.ActiveCfg = Release|Any CPU
		{DF2E70E7-9548-460B-90E8-54622A1BBC96}.Release|Any CPU.Build.0 = Release|Any CPU
		{DF2E70E7-9548-460B-90E8-54622A1BBC96}.Release|x64.ActiveCfg = Release|Any CPU
		{DF2E70E7-9548-460B-90E8-54622A1BBC96}.Release|x64.Build.0 = Release|Any CPU
		{DF2E70E7-9548-460B-90E8-54622A1BBC96}.Release|x86.ActiveCfg = Release|Any CPU
		{DF2E70E7-9548-460B-90E8-54622A1BBC96}.Release|x86.Build.0 = Release|Any CPU
		{E17BEC80-A5F6-4143-BB33-5EE7F51EFBEB}.Debug|Any CPU.ActiveCfg = Debug|Any CPU
		{E17BEC80-A5F6-4143-BB33-5EE7F51EFBEB}.Debug|Any CPU.Build.0 = Debug|Any CPU
		{E17BEC80-A5F6-4143-BB33-5EE7F51EFBEB}.Debug|x64.ActiveCfg = Debug|Any CPU
		{E17BEC80-A5F6-4143-BB33-5EE7F51EFBEB}.Debug|x64.Build.0 = Debug|Any CPU
		{E17BEC80-A5F6-4143-BB33-5EE7F51EFBEB}.Debug|x86.ActiveCfg = Debug|Any CPU
		{E17BEC80-A5F6-4143-BB33-5EE7F51EFBEB}.Debug|x86.Build.0 = Debug|Any CPU
		{E17BEC80-A5F6-4143-BB33-5EE7F51EFBEB}.Release|Any CPU.ActiveCfg = Release|Any CPU
		{E17BEC80-A5F6-4143-BB33-5EE7F51EFBEB}.Release|Any CPU.Build.0 = Release|Any CPU
		{E17BEC80-A5F6-4143-BB33-5EE7F51EFBEB}.Release|x64.ActiveCfg = Release|Any CPU
		{E17BEC80-A5F6-4143-BB33-5EE7F51EFBEB}.Release|x64.Build.0 = Release|Any CPU
		{E17BEC80-A5F6-4143-BB33-5EE7F51EFBEB}.Release|x86.ActiveCfg = Release|Any CPU
		{E17BEC80-A5F6-4143-BB33-5EE7F51EFBEB}.Release|x86.Build.0 = Release|Any CPU
		{F4422AE4-CE8F-4F26-82B5-588CFB9BCEB9}.Debug|Any CPU.ActiveCfg = Debug|Any CPU
		{F4422AE4-CE8F-4F26-82B5-588CFB9BCEB9}.Debug|Any CPU.Build.0 = Debug|Any CPU
		{F4422AE4-CE8F-4F26-82B5-588CFB9BCEB9}.Debug|x64.ActiveCfg = Debug|Any CPU
		{F4422AE4-CE8F-4F26-82B5-588CFB9BCEB9}.Debug|x64.Build.0 = Debug|Any CPU
		{F4422AE4-CE8F-4F26-82B5-588CFB9BCEB9}.Debug|x86.ActiveCfg = Debug|Any CPU
		{F4422AE4-CE8F-4F26-82B5-588CFB9BCEB9}.Debug|x86.Build.0 = Debug|Any CPU
		{F4422AE4-CE8F-4F26-82B5-588CFB9BCEB9}.Release|Any CPU.ActiveCfg = Release|Any CPU
		{F4422AE4-CE8F-4F26-82B5-588CFB9BCEB9}.Release|Any CPU.Build.0 = Release|Any CPU
		{F4422AE4-CE8F-4F26-82B5-588CFB9BCEB9}.Release|x64.ActiveCfg = Release|Any CPU
		{F4422AE4-CE8F-4F26-82B5-588CFB9BCEB9}.Release|x64.Build.0 = Release|Any CPU
		{F4422AE4-CE8F-4F26-82B5-588CFB9BCEB9}.Release|x86.ActiveCfg = Release|Any CPU
		{F4422AE4-CE8F-4F26-82B5-588CFB9BCEB9}.Release|x86.Build.0 = Release|Any CPU
		{30921ED7-8BAC-4BA4-9922-4CE2387D2664}.Debug|Any CPU.ActiveCfg = Debug|Any CPU
		{30921ED7-8BAC-4BA4-9922-4CE2387D2664}.Debug|Any CPU.Build.0 = Debug|Any CPU
		{30921ED7-8BAC-4BA4-9922-4CE2387D2664}.Debug|x64.ActiveCfg = Debug|Any CPU
		{30921ED7-8BAC-4BA4-9922-4CE2387D2664}.Debug|x64.Build.0 = Debug|Any CPU
		{30921ED7-8BAC-4BA4-9922-4CE2387D2664}.Debug|x86.ActiveCfg = Debug|Any CPU
		{30921ED7-8BAC-4BA4-9922-4CE2387D2664}.Debug|x86.Build.0 = Debug|Any CPU
		{30921ED7-8BAC-4BA4-9922-4CE2387D2664}.Release|Any CPU.ActiveCfg = Release|Any CPU
		{30921ED7-8BAC-4BA4-9922-4CE2387D2664}.Release|Any CPU.Build.0 = Release|Any CPU
		{30921ED7-8BAC-4BA4-9922-4CE2387D2664}.Release|x64.ActiveCfg = Release|Any CPU
		{30921ED7-8BAC-4BA4-9922-4CE2387D2664}.Release|x64.Build.0 = Release|Any CPU
		{30921ED7-8BAC-4BA4-9922-4CE2387D2664}.Release|x86.ActiveCfg = Release|Any CPU
		{30921ED7-8BAC-4BA4-9922-4CE2387D2664}.Release|x86.Build.0 = Release|Any CPU
	EndGlobalSection
	GlobalSection(SolutionProperties) = preSolution
		HideSolutionNode = FALSE
	EndGlobalSection
	GlobalSection(NestedProjects) = preSolution
		{4C119ED5-FE56-4396-8B5A-422F3AA4E4FD} = {827E0CD3-B72D-47B6-A68D-7590B98EB39B}
		{08D2904C-569D-49D1-876E-B76BE1896FC5} = {827E0CD3-B72D-47B6-A68D-7590B98EB39B}
		{5CD36485-CFD5-4EB7-86B8-4664AAB96644} = {827E0CD3-B72D-47B6-A68D-7590B98EB39B}
		{40A15B89-E456-40BC-815F-B768ADEC6C6E} = {827E0CD3-B72D-47B6-A68D-7590B98EB39B}
		{CD860A79-4C9F-428B-BBBC-7A3612599BC5} = {827E0CD3-B72D-47B6-A68D-7590B98EB39B}
		{EF0A12F0-D88F-4ABA-A2FD-E4FFF1166A5D} = {40A15B89-E456-40BC-815F-B768ADEC6C6E}
		{A8C8FE73-1955-423C-BCCC-41F8211E76E7} = {40A15B89-E456-40BC-815F-B768ADEC6C6E}
		{A7F4602F-310F-405B-8794-E18C3374DAB1} = {40A15B89-E456-40BC-815F-B768ADEC6C6E}
		{E094540B-FCD6-4D06-8BC2-B42DC8B22EEF} = {40A15B89-E456-40BC-815F-B768ADEC6C6E}
		{E538B021-2725-49EA-ACA5-C3F3ACCAC041} = {5CD36485-CFD5-4EB7-86B8-4664AAB96644}
		{C2041B8C-FAB5-4E7E-9330-E14F0801C2DE} = {5CD36485-CFD5-4EB7-86B8-4664AAB96644}
		{90ABC4B8-9714-4CF2-B823-4B66AB1A4F11} = {08D2904C-569D-49D1-876E-B76BE1896FC5}
		{65E5F790-EB72-4B04-9847-2E39C4F14116} = {4C119ED5-FE56-4396-8B5A-422F3AA4E4FD}
		{E27A35E4-877F-40EB-B8E2-A192D31890A2} = {4C119ED5-FE56-4396-8B5A-422F3AA4E4FD}
		{62AF1215-7F0A-4EB5-8CA8-9627923CE22B} = {65E5F790-EB72-4B04-9847-2E39C4F14116}
		{F4422AE4-CE8F-4F26-82B5-588CFB9BCEB9} = {E27A35E4-877F-40EB-B8E2-A192D31890A2}
		{C63E771F-0069-4EBD-8C7F-2BF86CEA761F} = {90ABC4B8-9714-4CF2-B823-4B66AB1A4F11}
		{3B64BE00-E54A-45A0-939B-09BF281796D3} = {90ABC4B8-9714-4CF2-B823-4B66AB1A4F11}
		{8977EE1E-4E1A-42A0-A283-25F04914B375} = {E538B021-2725-49EA-ACA5-C3F3ACCAC041}
		{7A0219E8-3F61-46DC-B3F8-E7E665F2960A} = {E538B021-2725-49EA-ACA5-C3F3ACCAC041}
		{9E456618-98B6-4B18-93CE-284DB0F341E7} = {C2041B8C-FAB5-4E7E-9330-E14F0801C2DE}
		{2B330A8D-FEE0-415C-8133-0D197BC68592} = {CD860A79-4C9F-428B-BBBC-7A3612599BC5}
		{CC2632F0-7B65-4E7F-951C-272552C8F212} = {EF0A12F0-D88F-4ABA-A2FD-E4FFF1166A5D}
		{09FC7F7B-3FD0-4021-9F6B-27A1E5E96987} = {EF0A12F0-D88F-4ABA-A2FD-E4FFF1166A5D}
		{923516DA-B582-42A6-86BE-54E1CEAE4F77} = {EF0A12F0-D88F-4ABA-A2FD-E4FFF1166A5D}
		{88A1B2AE-688F-471D-9111-4CA972009EA9} = {A8C8FE73-1955-423C-BCCC-41F8211E76E7}
		{30921ED7-8BAC-4BA4-9922-4CE2387D2664} = {A8C8FE73-1955-423C-BCCC-41F8211E76E7}
		{7E7692C1-E558-4495-9940-11BC95052B2A} = {A7F4602F-310F-405B-8794-E18C3374DAB1}
		{25F55894-15E1-4715-A21E-0B98E39E13EA} = {A7F4602F-310F-405B-8794-E18C3374DAB1}
		{09A14E89-F694-405A-ADF5-797AB13F8B27} = {A7F4602F-310F-405B-8794-E18C3374DAB1}
		{6946ADDF-FC77-4109-9AF7-C38773AA682B} = {E094540B-FCD6-4D06-8BC2-B42DC8B22EEF}
		{F4BEE95B-9BAD-4EBB-94A8-BD94E14A39D4} = {CD860A79-4C9F-428B-BBBC-7A3612599BC5}
		{6D129147-5A86-4E67-93EF-B802FB639010} = {CD860A79-4C9F-428B-BBBC-7A3612599BC5}
		{E780F158-9221-42DD-8501-0AD0AA2BD782} = {0AB3BF05-4346-4AA6-1389-037BE0695223}
		{690D048C-0AF5-4150-8445-0E7D7194287C} = {0AB3BF05-4346-4AA6-1389-037BE0695223}
		{AB484545-7B44-4B00-9F85-780C8F65E717} = {3FCEEFC8-0CC4-16F1-22C2-423267401A2D}
		{7A94AC7B-DF60-4959-9571-28156C4F5461} = {3FCEEFC8-0CC4-16F1-22C2-423267401A2D}
		{DF2E70E7-9548-460B-90E8-54622A1BBC96} = {3FCEEFC8-0CC4-16F1-22C2-423267401A2D}
		{E17BEC80-A5F6-4143-BB33-5EE7F51EFBEB} = {3FCEEFC8-0CC4-16F1-22C2-423267401A2D}
	EndGlobalSection
EndGlobal
