
Microsoft Visual Studio Solution File, Format Version 12.00
Project("{2150E333-8FDC-42A3-9474-1A3956D46DE8}") = "src", "src", "{827E0CD3-B72D-47B6-A68D-7590B98EB39B}"
EndProject
Project("{FAE04EC0-301F-11D3-BF4B-00C04F79EFBC}") = "WalletService", "src\WalletService\WalletService.csproj", "{2F09AD7F-9B51-43DB-A8FE-6C42F2AF2F70}"
EndProject
Project("{2150E333-8FDC-42A3-9474-1A3956D46DE8}") = "tests", "tests", "{0AB3BF05-4346-4AA6-1389-037BE0695223}"
EndProject
Project("{FAE04EC0-301F-11D3-BF4B-00C04F79EFBC}") = "WalletService.UnitTests", "tests\WalletService.UnitTests\WalletService.UnitTests.csproj", "{80BA0246-D46E-44A4-926C-A6B135ABB2C1}"
EndProject
Project("{FAE04EC0-301F-11D3-BF4B-00C04F79EFBC}") = "WalletService.IntegrationTests", "tests\WalletService.IntegrationTests\WalletService.IntegrationTests.csproj", "{3A2D2B39-A740-40C3-91B2-6DF2767F62D2}"
EndProject
Project("{FAE04EC0-301F-11D3-BF4B-00C04F79EFBC}") = "Shared.Contracts", "src\Shared\Shared.Contracts\Shared.Contracts.csproj", "{F4BEE95B-9BAD-4EBB-94A8-BD94E14A39D4}"
EndProject
Project("{FAE04EC0-301F-11D3-BF4B-00C04F79EFBC}") = "Shared.Infrastructure", "src\Shared\Shared.Infrastructure\Shared.Infrastructure.csproj", "{6D129147-5A86-4E67-93EF-B802FB639010}"
EndProject
Project("{FAE04EC0-301F-11D3-BF4B-00C04F79EFBC}") = "TopupWebhook", "src\TopupWebhook\TopupWebhook.csproj", "{88A1B2AE-688F-471D-9111-4CA972009EA9}"
EndProject
Global
	GlobalSection(SolutionConfigurationPlatforms) = preSolution
		Debug|Any CPU = Debug|Any CPU
		Debug|x64 = Debug|x64
		Debug|x86 = Debug|x86
		Release|Any CPU = Release|Any CPU
		Release|x64 = Release|x64
		Release|x86 = Release|x86
	EndGlobalSection
	GlobalSection(ProjectConfigurationPlatforms) = postSolution
		{2F09AD7F-9B51-43DB-A8FE-6C42F2AF2F70}.Debug|Any CPU.ActiveCfg = Debug|Any CPU
		{2F09AD7F-9B51-43DB-A8FE-6C42F2AF2F70}.Debug|Any CPU.Build.0 = Debug|Any CPU
		{2F09AD7F-9B51-43DB-A8FE-6C42F2AF2F70}.Debug|x64.ActiveCfg = Debug|Any CPU
		{2F09AD7F-9B51-43DB-A8FE-6C42F2AF2F70}.Debug|x64.Build.0 = Debug|Any CPU
		{2F09AD7F-9B51-43DB-A8FE-6C42F2AF2F70}.Debug|x86.ActiveCfg = Debug|Any CPU
		{2F09AD7F-9B51-43DB-A8FE-6C42F2AF2F70}.Debug|x86.Build.0 = Debug|Any CPU
		{2F09AD7F-9B51-43DB-A8FE-6C42F2AF2F70}.Release|Any CPU.ActiveCfg = Release|Any CPU
		{2F09AD7F-9B51-43DB-A8FE-6C42F2AF2F70}.Release|Any CPU.Build.0 = Release|Any CPU
		{2F09AD7F-9B51-43DB-A8FE-6C42F2AF2F70}.Release|x64.ActiveCfg = Release|Any CPU
		{2F09AD7F-9B51-43DB-A8FE-6C42F2AF2F70}.Release|x64.Build.0 = Release|Any CPU
		{2F09AD7F-9B51-43DB-A8FE-6C42F2AF2F70}.Release|x86.ActiveCfg = Release|Any CPU
		{2F09AD7F-9B51-43DB-A8FE-6C42F2AF2F70}.Release|x86.Build.0 = Release|Any CPU
		{80BA0246-D46E-44A4-926C-A6B135ABB2C1}.Debug|Any CPU.ActiveCfg = Debug|Any CPU
		{80BA0246-D46E-44A4-926C-A6B135ABB2C1}.Debug|Any CPU.Build.0 = Debug|Any CPU
		{80BA0246-D46E-44A4-926C-A6B135ABB2C1}.Debug|x64.ActiveCfg = Debug|Any CPU
		{80BA0246-D46E-44A4-926C-A6B135ABB2C1}.Debug|x64.Build.0 = Debug|Any CPU
		{80BA0246-D46E-44A4-926C-A6B135ABB2C1}.Debug|x86.ActiveCfg = Debug|Any CPU
		{80BA0246-D46E-44A4-926C-A6B135ABB2C1}.Debug|x86.Build.0 = Debug|Any CPU
		{80BA0246-D46E-44A4-926C-A6B135ABB2C1}.Release|Any CPU.ActiveCfg = Release|Any CPU
		{80BA0246-D46E-44A4-926C-A6B135ABB2C1}.Release|Any CPU.Build.0 = Release|Any CPU
		{80BA0246-D46E-44A4-926C-A6B135ABB2C1}.Release|x64.ActiveCfg = Release|Any CPU
		{80BA0246-D46E-44A4-926C-A6B135ABB2C1}.Release|x64.Build.0 = Release|Any CPU
		{80BA0246-D46E-44A4-926C-A6B135ABB2C1}.Release|x86.ActiveCfg = Release|Any CPU
		{80BA0246-D46E-44A4-926C-A6B135ABB2C1}.Release|x86.Build.0 = Release|Any CPU
		{3A2D2B39-A740-40C3-91B2-6DF2767F62D2}.Debug|Any CPU.ActiveCfg = Debug|Any CPU
		{3A2D2B39-A740-40C3-91B2-6DF2767F62D2}.Debug|Any CPU.Build.0 = Debug|Any CPU
		{3A2D2B39-A740-40C3-91B2-6DF2767F62D2}.Debug|x64.ActiveCfg = Debug|Any CPU
		{3A2D2B39-A740-40C3-91B2-6DF2767F62D2}.Debug|x64.Build.0 = Debug|Any CPU
		{3A2D2B39-A740-40C3-91B2-6DF2767F62D2}.Debug|x86.ActiveCfg = Debug|Any CPU
		{3A2D2B39-A740-40C3-91B2-6DF2767F62D2}.Debug|x86.Build.0 = Debug|Any CPU
		{3A2D2B39-A740-40C3-91B2-6DF2767F62D2}.Release|Any CPU.ActiveCfg = Release|Any CPU
		{3A2D2B39-A740-40C3-91B2-6DF2767F62D2}.Release|Any CPU.Build.0 = Release|Any CPU
		{3A2D2B39-A740-40C3-91B2-6DF2767F62D2}.Release|x64.ActiveCfg = Release|Any CPU
		{3A2D2B39-A740-40C3-91B2-6DF2767F62D2}.Release|x64.Build.0 = Release|Any CPU
		{3A2D2B39-A740-40C3-91B2-6DF2767F62D2}.Release|x86.ActiveCfg = Release|Any CPU
		{3A2D2B39-A740-40C3-91B2-6DF2767F62D2}.Release|x86.Build.0 = Release|Any CPU
		{F4BEE95B-9BAD-4EBB-94A8-BD94E14A39D4}.Debug|Any CPU.ActiveCfg = Debug|Any CPU
		{F4BEE95B-9BAD-4EBB-94A8-BD94E14A39D4}.Debug|Any CPU.Build.0 = Debug|Any CPU
		{F4BEE95B-9BAD-4EBB-94A8-BD94E14A39D4}.Debug|x64.ActiveCfg = Debug|Any CPU
		{F4BEE95B-9BAD-4EBB-94A8-BD94E14A39D4}.Debug|x64.Build.0 = Debug|Any CPU
		{F4BEE95B-9BAD-4EBB-94A8-BD94E14A39D4}.Debug|x86.ActiveCfg = Debug|Any CPU
		{F4BEE95B-9BAD-4EBB-94A8-BD94E14A39D4}.Debug|x86.Build.0 = Debug|Any CPU
		{F4BEE95B-9BAD-4EBB-94A8-BD94E14A39D4}.Release|Any CPU.ActiveCfg = Release|Any CPU
		{F4BEE95B-9BAD-4EBB-94A8-BD94E14A39D4}.Release|Any CPU.Build.0 = Release|Any CPU
		{F4BEE95B-9BAD-4EBB-94A8-BD94E14A39D4}.Release|x64.ActiveCfg = Release|Any CPU
		{F4BEE95B-9BAD-4EBB-94A8-BD94E14A39D4}.Release|x64.Build.0 = Release|Any CPU
		{F4BEE95B-9BAD-4EBB-94A8-BD94E14A39D4}.Release|x86.ActiveCfg = Release|Any CPU
		{F4BEE95B-9BAD-4EBB-94A8-BD94E14A39D4}.Release|x86.Build.0 = Release|Any CPU
		{6D129147-5A86-4E67-93EF-B802FB639010}.Debug|Any CPU.ActiveCfg = Debug|Any CPU
		{6D129147-5A86-4E67-93EF-B802FB639010}.Debug|Any CPU.Build.0 = Debug|Any CPU
		{6D129147-5A86-4E67-93EF-B802FB639010}.Debug|x64.ActiveCfg = Debug|Any CPU
		{6D129147-5A86-4E67-93EF-B802FB639010}.Debug|x64.Build.0 = Debug|Any CPU
		{6D129147-5A86-4E67-93EF-B802FB639010}.Debug|x86.ActiveCfg = Debug|Any CPU
		{6D129147-5A86-4E67-93EF-B802FB639010}.Debug|x86.Build.0 = Debug|Any CPU
		{6D129147-5A86-4E67-93EF-B802FB639010}.Release|Any CPU.ActiveCfg = Release|Any CPU
		{6D129147-5A86-4E67-93EF-B802FB639010}.Release|Any CPU.Build.0 = Release|Any CPU
		{6D129147-5A86-4E67-93EF-B802FB639010}.Release|x64.ActiveCfg = Release|Any CPU
		{6D129147-5A86-4E67-93EF-B802FB639010}.Release|x64.Build.0 = Release|Any CPU
		{6D129147-5A86-4E67-93EF-B802FB639010}.Release|x86.ActiveCfg = Release|Any CPU
		{6D129147-5A86-4E67-93EF-B802FB639010}.Release|x86.Build.0 = Release|Any CPU
		{88A1B2AE-688F-471D-9111-4CA972009EA9}.Debug|Any CPU.ActiveCfg = Debug|Any CPU
		{88A1B2AE-688F-471D-9111-4CA972009EA9}.Debug|Any CPU.Build.0 = Debug|Any CPU
		{88A1B2AE-688F-471D-9111-4CA972009EA9}.Debug|x64.ActiveCfg = Debug|Any CPU
		{88A1B2AE-688F-471D-9111-4CA972009EA9}.Debug|x64.Build.0 = Debug|Any CPU
		{88A1B2AE-688F-471D-9111-4CA972009EA9}.Debug|x86.ActiveCfg = Debug|Any CPU
		{88A1B2AE-688F-471D-9111-4CA972009EA9}.Debug|x86.Build.0 = Debug|Any CPU
		{88A1B2AE-688F-471D-9111-4CA972009EA9}.Release|Any CPU.ActiveCfg = Release|Any CPU
		{88A1B2AE-688F-471D-9111-4CA972009EA9}.Release|Any CPU.Build.0 = Release|Any CPU
		{88A1B2AE-688F-471D-9111-4CA972009EA9}.Release|x64.ActiveCfg = Release|Any CPU
		{88A1B2AE-688F-471D-9111-4CA972009EA9}.Release|x64.Build.0 = Release|Any CPU
		{88A1B2AE-688F-471D-9111-4CA972009EA9}.Release|x86.ActiveCfg = Release|Any CPU
		{88A1B2AE-688F-471D-9111-4CA972009EA9}.Release|x86.Build.0 = Release|Any CPU
	EndGlobalSection
	GlobalSection(SolutionProperties) = preSolution
		HideSolutionNode = FALSE
	EndGlobalSection
	GlobalSection(NestedProjects) = preSolution
		{2F09AD7F-9B51-43DB-A8FE-6C42F2AF2F70} = {827E0CD3-B72D-47B6-A68D-7590B98EB39B}
		{80BA0246-D46E-44A4-926C-A6B135ABB2C1} = {0AB3BF05-4346-4AA6-1389-037BE0695223}
		{3A2D2B39-A740-40C3-91B2-6DF2767F62D2} = {0AB3BF05-4346-4AA6-1389-037BE0695223}
		{F4BEE95B-9BAD-4EBB-94A8-BD94E14A39D4} = {827E0CD3-B72D-47B6-A68D-7590B98EB39B}
		{6D129147-5A86-4E67-93EF-B802FB639010} = {827E0CD3-B72D-47B6-A68D-7590B98EB39B}
		{88A1B2AE-688F-471D-9111-4CA972009EA9} = {827E0CD3-B72D-47B6-A68D-7590B98EB39B}
	EndGlobalSection
EndGlobal
